
Microsoft Visual Studio Solution File, Format Version 12.00
# Visual Studio 2012
Project("{FAE04EC0-301F-11D3-BF4B-00C04F79EFBC}") = "JuiceStream", "JuiceStream\JuiceStream.csproj", "{F948F50D-3209-4E6B-8023-74AD517C148C}"
EndProject
Project("{FAE04EC0-301F-11D3-BF4B-00C04F79EFBC}") = "JuiceStreamTests", "JuiceStreamTests\JuiceStreamTests.csproj", "{029CF0DF-0328-4400-BF71-9C2807960C50}"
EndProject
Global
	GlobalSection(SolutionConfigurationPlatforms) = preSolution
		Debug|Any CPU = Debug|Any CPU
		Release|Any CPU = Release|Any CPU
	EndGlobalSection
	GlobalSection(ProjectConfigurationPlatforms) = postSolution
		{F948F50D-3209-4E6B-8023-74AD517C148C}.Debug|Any CPU.ActiveCfg = Debug|Any CPU
		{F948F50D-3209-4E6B-8023-74AD517C148C}.Debug|Any CPU.Build.0 = Debug|Any CPU
		{F948F50D-3209-4E6B-8023-74AD517C148C}.Release|Any CPU.ActiveCfg = Release|Any CPU
		{F948F50D-3209-4E6B-8023-74AD517C148C}.Release|Any CPU.Build.0 = Release|Any CPU
		{029CF0DF-0328-4400-BF71-9C2807960C50}.Debug|Any CPU.ActiveCfg = Debug|Any CPU
		{029CF0DF-0328-4400-BF71-9C2807960C50}.Debug|Any CPU.Build.0 = Debug|Any CPU
		{029CF0DF-0328-4400-BF71-9C2807960C50}.Release|Any CPU.ActiveCfg = Release|Any CPU
		{029CF0DF-0328-4400-BF71-9C2807960C50}.Release|Any CPU.Build.0 = Release|Any CPU
	EndGlobalSection
EndGlobal
